// !$*UTF8*$!
{
	archiveVersion = 1;
	classes = {
	};
	objectVersion = 46;
	objects = {

/* Begin PBXBuildFile section */
		8A5417811ECC409000580D86 /* AppDelegate.swift in Sources */ = {isa = PBXBuildFile; fileRef = 8A5417801ECC409000580D86 /* AppDelegate.swift */; };
		8A5417831ECC409000580D86 /* ViewController.swift in Sources */ = {isa = PBXBuildFile; fileRef = 8A5417821ECC409000580D86 /* ViewController.swift */; };
		8A5417861ECC409000580D86 /* Main.storyboard in Resources */ = {isa = PBXBuildFile; fileRef = 8A5417841ECC409000580D86 /* Main.storyboard */; };
		8A5417881ECC409000580D86 /* Assets.xcassets in Resources */ = {isa = PBXBuildFile; fileRef = 8A5417871ECC409000580D86 /* Assets.xcassets */; };
		8A54178B1ECC409000580D86 /* LaunchScreen.storyboard in Resources */ = {isa = PBXBuildFile; fileRef = 8A5417891ECC409000580D86 /* LaunchScreen.storyboard */; };
		8A5417961ECC409000580D86 /* radio_vietnamTests.swift in Sources */ = {isa = PBXBuildFile; fileRef = 8A5417951ECC409000580D86 /* radio_vietnamTests.swift */; };
		8A5417A11ECC409000580D86 /* radio_vietnamUITests.swift in Sources */ = {isa = PBXBuildFile; fileRef = 8A5417A01ECC409000580D86 /* radio_vietnamUITests.swift */; };
/* End PBXBuildFile section */

/* Begin PBXContainerItemProxy section */
		8A5417921ECC409000580D86 /* PBXContainerItemProxy */ = {
			isa = PBXContainerItemProxy;
			containerPortal = 8A5417751ECC409000580D86 /* Project object */;
			proxyType = 1;
			remoteGlobalIDString = 8A54177C1ECC409000580D86;
			remoteInfo = radio_vietnam;
		};
		8A54179D1ECC409000580D86 /* PBXContainerItemProxy */ = {
			isa = PBXContainerItemProxy;
			containerPortal = 8A5417751ECC409000580D86 /* Project object */;
			proxyType = 1;
			remoteGlobalIDString = 8A54177C1ECC409000580D86;
			remoteInfo = radio_vietnam;
		};
/* End PBXContainerItemProxy section */

/* Begin PBXFileReference section */
		8A54177D1ECC409000580D86 /* radio_vietnam.app */ = {isa = PBXFileReference; explicitFileType = wrapper.application; includeInIndex = 0; path = radio_vietnam.app; sourceTree = BUILT_PRODUCTS_DIR; };
		8A5417801ECC409000580D86 /* AppDelegate.swift */ = {isa = PBXFileReference; lastKnownFileType = sourcecode.swift; path = AppDelegate.swift; sourceTree = "<group>"; };
		8A5417821ECC409000580D86 /* ViewController.swift */ = {isa = PBXFileReference; lastKnownFileType = sourcecode.swift; path = ViewController.swift; sourceTree = "<group>"; };
		8A5417851ECC409000580D86 /* Base */ = {isa = PBXFileReference; lastKnownFileType = file.storyboard; name = Base; path = Base.lproj/Main.storyboard; sourceTree = "<group>"; };
		8A5417871ECC409000580D86 /* Assets.xcassets */ = {isa = PBXFileReference; lastKnownFileType = folder.assetcatalog; path = Assets.xcassets; sourceTree = "<group>"; };
		8A54178A1ECC409000580D86 /* Base */ = {isa = PBXFileReference; lastKnownFileType = file.storyboard; name = Base; path = Base.lproj/LaunchScreen.storyboard; sourceTree = "<group>"; };
		8A54178C1ECC409000580D86 /* Info.plist */ = {isa = PBXFileReference; lastKnownFileType = text.plist.xml; path = Info.plist; sourceTree = "<group>"; };
		8A5417911ECC409000580D86 /* radio_vietnamTests.xctest */ = {isa = PBXFileReference; explicitFileType = wrapper.cfbundle; includeInIndex = 0; path = radio_vietnamTests.xctest; sourceTree = BUILT_PRODUCTS_DIR; };
		8A5417951ECC409000580D86 /* radio_vietnamTests.swift */ = {isa = PBXFileReference; lastKnownFileType = sourcecode.swift; path = radio_vietnamTests.swift; sourceTree = "<group>"; };
		8A5417971ECC409000580D86 /* Info.plist */ = {isa = PBXFileReference; lastKnownFileType = text.plist.xml; path = Info.plist; sourceTree = "<group>"; };
		8A54179C1ECC409000580D86 /* radio_vietnamUITests.xctest */ = {isa = PBXFileReference; explicitFileType = wrapper.cfbundle; includeInIndex = 0; path = radio_vietnamUITests.xctest; sourceTree = BUILT_PRODUCTS_DIR; };
		8A5417A01ECC409000580D86 /* radio_vietnamUITests.swift */ = {isa = PBXFileReference; lastKnownFileType = sourcecode.swift; path = radio_vietnamUITests.swift; sourceTree = "<group>"; };
		8A5417A21ECC409000580D86 /* Info.plist */ = {isa = PBXFileReference; lastKnownFileType = text.plist.xml; path = Info.plist; sourceTree = "<group>"; };
/* End PBXFileReference section */

/* Begin PBXFrameworksBuildPhase section */
		8A54177A1ECC409000580D86 /* Frameworks */ = {
			isa = PBXFrameworksBuildPhase;
			buildActionMask = 2147483647;
			files = (
			);
			runOnlyForDeploymentPostprocessing = 0;
		};
		8A54178E1ECC409000580D86 /* Frameworks */ = {
			isa = PBXFrameworksBuildPhase;
			buildActionMask = 2147483647;
			files = (
			);
			runOnlyForDeploymentPostprocessing = 0;
		};
		8A5417991ECC409000580D86 /* Frameworks */ = {
			isa = PBXFrameworksBuildPhase;
			buildActionMask = 2147483647;
			files = (
			);
			runOnlyForDeploymentPostprocessing = 0;
		};
/* End PBXFrameworksBuildPhase section */

/* Begin PBXGroup section */
		8A5417741ECC409000580D86 = {
			isa = PBXGroup;
			children = (
				8A54177F1ECC409000580D86 /* radio_vietnam */,
				8A5417941ECC409000580D86 /* radio_vietnamTests */,
				8A54179F1ECC409000580D86 /* radio_vietnamUITests */,
				8A54177E1ECC409000580D86 /* Products */,
			);
			sourceTree = "<group>";
		};
		8A54177E1ECC409000580D86 /* Products */ = {
			isa = PBXGroup;
			children = (
				8A54177D1ECC409000580D86 /* radio_vietnam.app */,
				8A5417911ECC409000580D86 /* radio_vietnamTests.xctest */,
				8A54179C1ECC409000580D86 /* radio_vietnamUITests.xctest */,
			);
			name = Products;
			sourceTree = "<group>";
		};
		8A54177F1ECC409000580D86 /* radio_vietnam */ = {
			isa = PBXGroup;
			children = (
				8A5417801ECC409000580D86 /* AppDelegate.swift */,
				8A5417821ECC409000580D86 /* ViewController.swift */,
				8A5417841ECC409000580D86 /* Main.storyboard */,
				8A5417871ECC409000580D86 /* Assets.xcassets */,
				8A5417891ECC409000580D86 /* LaunchScreen.storyboard */,
				8A54178C1ECC409000580D86 /* Info.plist */,
			);
			path = radio_vietnam;
			sourceTree = "<group>";
		};
		8A5417941ECC409000580D86 /* radio_vietnamTests */ = {
			isa = PBXGroup;
			children = (
				8A5417951ECC409000580D86 /* radio_vietnamTests.swift */,
				8A5417971ECC409000580D86 /* Info.plist */,
			);
			path = radio_vietnamTests;
			sourceTree = "<group>";
		};
		8A54179F1ECC409000580D86 /* radio_vietnamUITests */ = {
			isa = PBXGroup;
			children = (
				8A5417A01ECC409000580D86 /* radio_vietnamUITests.swift */,
				8A5417A21ECC409000580D86 /* Info.plist */,
			);
			path = radio_vietnamUITests;
			sourceTree = "<group>";
		};
/* End PBXGroup section */

/* Begin PBXNativeTarget section */
		8A54177C1ECC409000580D86 /* radio_vietnam */ = {
			isa = PBXNativeTarget;
			buildConfigurationList = 8A5417A51ECC409000580D86 /* Build configuration list for PBXNativeTarget "radio_vietnam" */;
			buildPhases = (
				8A5417791ECC409000580D86 /* Sources */,
				8A54177A1ECC409000580D86 /* Frameworks */,
				8A54177B1ECC409000580D86 /* Resources */,
			);
			buildRules = (
			);
			dependencies = (
			);
			name = radio_vietnam;
			productName = radio_vietnam;
			productReference = 8A54177D1ECC409000580D86 /* radio_vietnam.app */;
			productType = "com.apple.product-type.application";
		};
		8A5417901ECC409000580D86 /* radio_vietnamTests */ = {
			isa = PBXNativeTarget;
			buildConfigurationList = 8A5417A81ECC409000580D86 /* Build configuration list for PBXNativeTarget "radio_vietnamTests" */;
			buildPhases = (
				8A54178D1ECC409000580D86 /* Sources */,
				8A54178E1ECC409000580D86 /* Frameworks */,
				8A54178F1ECC409000580D86 /* Resources */,
			);
			buildRules = (
			);
			dependencies = (
				8A5417931ECC409000580D86 /* PBXTargetDependency */,
			);
			name = radio_vietnamTests;
			productName = radio_vietnamTests;
			productReference = 8A5417911ECC409000580D86 /* radio_vietnamTests.xctest */;
			productType = "com.apple.product-type.bundle.unit-test";
		};
		8A54179B1ECC409000580D86 /* radio_vietnamUITests */ = {
			isa = PBXNativeTarget;
			buildConfigurationList = 8A5417AB1ECC409000580D86 /* Build configuration list for PBXNativeTarget "radio_vietnamUITests" */;
			buildPhases = (
				8A5417981ECC409000580D86 /* Sources */,
				8A5417991ECC409000580D86 /* Frameworks */,
				8A54179A1ECC409000580D86 /* Resources */,
			);
			buildRules = (
			);
			dependencies = (
				8A54179E1ECC409000580D86 /* PBXTargetDependency */,
			);
			name = radio_vietnamUITests;
			productName = radio_vietnamUITests;
			productReference = 8A54179C1ECC409000580D86 /* radio_vietnamUITests.xctest */;
			productType = "com.apple.product-type.bundle.ui-testing";
		};
/* End PBXNativeTarget section */

/* Begin PBXProject section */
		8A5417751ECC409000580D86 /* Project object */ = {
			isa = PBXProject;
			attributes = {
				LastSwiftUpdateCheck = 0730;
				LastUpgradeCheck = 0730;
				ORGANIZATIONNAME = cuscedu;
				TargetAttributes = {
					8A54177C1ECC409000580D86 = {
						CreatedOnToolsVersion = 7.3.1;
					};
					8A5417901ECC409000580D86 = {
						CreatedOnToolsVersion = 7.3.1;
						TestTargetID = 8A54177C1ECC409000580D86;
					};
					8A54179B1ECC409000580D86 = {
						CreatedOnToolsVersion = 7.3.1;
						TestTargetID = 8A54177C1ECC409000580D86;
					};
				};
			};
			buildConfigurationList = 8A5417781ECC409000580D86 /* Build configuration list for PBXProject "radio_vietnam" */;
			compatibilityVersion = "Xcode 3.2";
			developmentRegion = English;
			hasScannedForEncodings = 0;
			knownRegions = (
				en,
				Base,
			);
			mainGroup = 8A5417741ECC409000580D86;
			productRefGroup = 8A54177E1ECC409000580D86 /* Products */;
			projectDirPath = "";
			projectRoot = "";
			targets = (
				8A54177C1ECC409000580D86 /* radio_vietnam */,
				8A5417901ECC409000580D86 /* radio_vietnamTests */,
				8A54179B1ECC409000580D86 /* radio_vietnamUITests */,
			);
		};
/* End PBXProject section */

/* Begin PBXResourcesBuildPhase section */
		8A54177B1ECC409000580D86 /* Resources */ = {
			isa = PBXResourcesBuildPhase;
			buildActionMask = 2147483647;
			files = (
				8A54178B1ECC409000580D86 /* LaunchScreen.storyboard in Resources */,
				8A5417881ECC409000580D86 /* Assets.xcassets in Resources */,
				8A5417861ECC409000580D86 /* Main.storyboard in Resources */,
			);
			runOnlyForDeploymentPostprocessing = 0;
		};
		8A54178F1ECC409000580D86 /* Resources */ = {
			isa = PBXResourcesBuildPhase;
			buildActionMask = 2147483647;
			files = (
			);
			runOnlyForDeploymentPostprocessing = 0;
		};
		8A54179A1ECC409000580D86 /* Resources */ = {
			isa = PBXResourcesBuildPhase;
			buildActionMask = 2147483647;
			files = (
			);
			runOnlyForDeploymentPostprocessing = 0;
		};
/* End PBXResourcesBuildPhase section */

/* Begin PBXSourcesBuildPhase section */
		8A5417791ECC409000580D86 /* Sources */ = {
			isa = PBXSourcesBuildPhase;
			buildActionMask = 2147483647;
			files = (
				8A5417831ECC409000580D86 /* ViewController.swift in Sources */,
				8A5417811ECC409000580D86 /* AppDelegate.swift in Sources */,
			);
			runOnlyForDeploymentPostprocessing = 0;
		};
		8A54178D1ECC409000580D86 /* Sources */ = {
			isa = PBXSourcesBuildPhase;
			buildActionMask = 2147483647;
			files = (
				8A5417961ECC409000580D86 /* radio_vietnamTests.swift in Sources */,
			);
			runOnlyForDeploymentPostprocessing = 0;
		};
		8A5417981ECC409000580D86 /* Sources */ = {
			isa = PBXSourcesBuildPhase;
			buildActionMask = 2147483647;
			files = (
				8A5417A11ECC409000580D86 /* radio_vietnamUITests.swift in Sources */,
			);
			runOnlyForDeploymentPostprocessing = 0;
		};
/* End PBXSourcesBuildPhase section */

/* Begin PBXTargetDependency section */
		8A5417931ECC409000580D86 /* PBXTargetDependency */ = {
			isa = PBXTargetDependency;
			target = 8A54177C1ECC409000580D86 /* radio_vietnam */;
			targetProxy = 8A5417921ECC409000580D86 /* PBXContainerItemProxy */;
		};
		8A54179E1ECC409000580D86 /* PBXTargetDependency */ = {
			isa = PBXTargetDependency;
			target = 8A54177C1ECC409000580D86 /* radio_vietnam */;
			targetProxy = 8A54179D1ECC409000580D86 /* PBXContainerItemProxy */;
		};
/* End PBXTargetDependency section */

/* Begin PBXVariantGroup section */
		8A5417841ECC409000580D86 /* Main.storyboard */ = {
			isa = PBXVariantGroup;
			children = (
				8A5417851ECC409000580D86 /* Base */,
			);
			name = Main.storyboard;
			sourceTree = "<group>";
		};
		8A5417891ECC409000580D86 /* LaunchScreen.storyboard */ = {
			isa = PBXVariantGroup;
			children = (
				8A54178A1ECC409000580D86 /* Base */,
			);
			name = LaunchScreen.storyboard;
			sourceTree = "<group>";
		};
/* End PBXVariantGroup section */

/* Begin XCBuildConfiguration section */
		8A5417A31ECC409000580D86 /* Debug */ = {
			isa = XCBuildConfiguration;
			buildSettings = {
				ALWAYS_SEARCH_USER_PATHS = NO;
				CLANG_ANALYZER_NONNULL = YES;
				CLANG_CXX_LANGUAGE_STANDARD = "gnu++0x";
				CLANG_CXX_LIBRARY = "libc++";
				CLANG_ENABLE_MODULES = YES;
				CLANG_ENABLE_OBJC_ARC = YES;
				CLANG_WARN_BOOL_CONVERSION = YES;
				CLANG_WARN_CONSTANT_CONVERSION = YES;
				CLANG_WARN_DIRECT_OBJC_ISA_USAGE = YES_ERROR;
				CLANG_WARN_EMPTY_BODY = YES;
				CLANG_WARN_ENUM_CONVERSION = YES;
				CLANG_WARN_INT_CONVERSION = YES;
				CLANG_WARN_OBJC_ROOT_CLASS = YES_ERROR;
				CLANG_WARN_UNREACHABLE_CODE = YES;
				CLANG_WARN__DUPLICATE_METHOD_MATCH = YES;
				"CODE_SIGN_IDENTITY[sdk=iphoneos*]" = "iPhone Developer";
				COPY_PHASE_STRIP = NO;
				DEBUG_INFORMATION_FORMAT = dwarf;
				ENABLE_STRICT_OBJC_MSGSEND = YES;
				ENABLE_TESTABILITY = YES;
				GCC_C_LANGUAGE_STANDARD = gnu99;
				GCC_DYNAMIC_NO_PIC = NO;
				GCC_NO_COMMON_BLOCKS = YES;
				GCC_OPTIMIZATION_LEVEL = 0;
				GCC_PREPROCESSOR_DEFINITIONS = (
					"DEBUG=1",
					"$(inherited)",
				);
				GCC_WARN_64_TO_32_BIT_CONVERSION = YES;
				GCC_WARN_ABOUT_RETURN_TYPE = YES_ERROR;
				GCC_WARN_UNDECLARED_SELECTOR = YES;
				GCC_WARN_UNINITIALIZED_AUTOS = YES_AGGRESSIVE;
				GCC_WARN_UNUSED_FUNCTION = YES;
				GCC_WARN_UNUSED_VARIABLE = YES;
				IPHONEOS_DEPLOYMENT_TARGET = 9.3;
				MTL_ENABLE_DEBUG_INFO = YES;
				ONLY_ACTIVE_ARCH = YES;
				SDKROOT = iphoneos;
				SWIFT_OPTIMIZATION_LEVEL = "-Onone";
				TARGETED_DEVICE_FAMILY = "1,2";
			};
			name = Debug;
		};
		8A5417A41ECC409000580D86 /* Release */ = {
			isa = XCBuildConfiguration;
			buildSettings = {
				ALWAYS_SEARCH_USER_PATHS = NO;
				CLANG_ANALYZER_NONNULL = YES;
				CLANG_CXX_LANGUAGE_STANDARD = "gnu++0x";
				CLANG_CXX_LIBRARY = "libc++";
				CLANG_ENABLE_MODULES = YES;
				CLANG_ENABLE_OBJC_ARC = YES;
				CLANG_WARN_BOOL_CONVERSION = YES;
				CLANG_WARN_CONSTANT_CONVERSION = YES;
				CLANG_WARN_DIRECT_OBJC_ISA_USAGE = YES_ERROR;
				CLANG_WARN_EMPTY_BODY = YES;
				CLANG_WARN_ENUM_CONVERSION = YES;
				CLANG_WARN_INT_CONVERSION = YES;
				CLANG_WARN_OBJC_ROOT_CLASS = YES_ERROR;
				CLANG_WARN_UNREACHABLE_CODE = YES;
				CLANG_WARN__DUPLICATE_METHOD_MATCH = YES;
				"CODE_SIGN_IDENTITY[sdk=iphoneos*]" = "iPhone Developer";
				COPY_PHASE_STRIP = NO;
				DEBUG_INFORMATION_FORMAT = "dwarf-with-dsym";
				ENABLE_NS_ASSERTIONS = NO;
				ENABLE_STRICT_OBJC_MSGSEND = YES;
				GCC_C_LANGUAGE_STANDARD = gnu99;
				GCC_NO_COMMON_BLOCKS = YES;
				GCC_WARN_64_TO_32_BIT_CONVERSION = YES;
				GCC_WARN_ABOUT_RETURN_TYPE = YES_ERROR;
				GCC_WARN_UNDECLARED_SELECTOR = YES;
				GCC_WARN_UNINITIALIZED_AUTOS = YES_AGGRESSIVE;
				GCC_WARN_UNUSED_FUNCTION = YES;
				GCC_WARN_UNUSED_VARIABLE = YES;
				IPHONEOS_DEPLOYMENT_TARGET = 9.3;
				MTL_ENABLE_DEBUG_INFO = NO;
				SDKROOT = iphoneos;
				TARGETED_DEVICE_FAMILY = "1,2";
				VALIDATE_PRODUCT = YES;
			};
			name = Release;
		};
		8A5417A61ECC409000580D86 /* Debug */ = {
			isa = XCBuildConfiguration;
			buildSettings = {
				ASSETCATALOG_COMPILER_APPICON_NAME = AppIcon;
				INFOPLIST_FILE = radio_vietnam/Info.plist;
				LD_RUNPATH_SEARCH_PATHS = "$(inherited) @executable_path/Frameworks";
				PRODUCT_BUNDLE_IDENTIFIER = "cusc.com.radio-vietnam";
				PRODUCT_NAME = "$(TARGET_NAME)";
			};
			name = Debug;
		};
		8A5417A71ECC409000580D86 /* Release */ = {
			isa = XCBuildConfiguration;
			buildSettings = {
				ASSETCATALOG_COMPILER_APPICON_NAME = AppIcon;
				INFOPLIST_FILE = radio_vietnam/Info.plist;
				LD_RUNPATH_SEARCH_PATHS = "$(inherited) @executable_path/Frameworks";
				PRODUCT_BUNDLE_IDENTIFIER = "cusc.com.radio-vietnam";
				PRODUCT_NAME = "$(TARGET_NAME)";
			};
			name = Release;
		};
		8A5417A91ECC409000580D86 /* Debug */ = {
			isa = XCBuildConfiguration;
			buildSettings = {
				BUNDLE_LOADER = "$(TEST_HOST)";
				INFOPLIST_FILE = radio_vietnamTests/Info.plist;
				LD_RUNPATH_SEARCH_PATHS = "$(inherited) @executable_path/Frameworks @loader_path/Frameworks";
				PRODUCT_BUNDLE_IDENTIFIER = "cusc.com.radio-vietnamTests";
				PRODUCT_NAME = "$(TARGET_NAME)";
				TEST_HOST = "$(BUILT_PRODUCTS_DIR)/radio_vietnam.app/radio_vietnam";
			};
			name = Debug;
		};
		8A5417AA1ECC409000580D86 /* Release */ = {
			isa = XCBuildConfiguration;
			buildSettings = {
				BUNDLE_LOADER = "$(TEST_HOST)";
				INFOPLIST_FILE = radio_vietnamTests/Info.plist;
				LD_RUNPATH_SEARCH_PATHS = "$(inherited) @executable_path/Frameworks @loader_path/Frameworks";
				PRODUCT_BUNDLE_IDENTIFIER = "cusc.com.radio-vietnamTests";
				PRODUCT_NAME = "$(TARGET_NAME)";
				TEST_HOST = "$(BUILT_PRODUCTS_DIR)/radio_vietnam.app/radio_vietnam";
			};
			name = Release;
		};
		8A5417AC1ECC409000580D86 /* Debug */ = {
			isa = XCBuildConfiguration;
			buildSettings = {
				INFOPLIST_FILE = radio_vietnamUITests/Info.plist;
				LD_RUNPATH_SEARCH_PATHS = "$(inherited) @executable_path/Frameworks @loader_path/Frameworks";
				PRODUCT_BUNDLE_IDENTIFIER = "cusc.com.radio-vietnamUITests";
				PRODUCT_NAME = "$(TARGET_NAME)";
				TEST_TARGET_NAME = radio_vietnam;
			};
			name = Debug;
		};
		8A5417AD1ECC409000580D86 /* Release */ = {
			isa = XCBuildConfiguration;
			buildSettings = {
				INFOPLIST_FILE = radio_vietnamUITests/Info.plist;
				LD_RUNPATH_SEARCH_PATHS = "$(inherited) @executable_path/Frameworks @loader_path/Frameworks";
				PRODUCT_BUNDLE_IDENTIFIER = "cusc.com.radio-vietnamUITests";
				PRODUCT_NAME = "$(TARGET_NAME)";
				TEST_TARGET_NAME = radio_vietnam;
			};
			name = Release;
		};
/* End XCBuildConfiguration section */

/* Begin XCConfigurationList section */
		8A5417781ECC409000580D86 /* Build configuration list for PBXProject "radio_vietnam" */ = {
			isa = XCConfigurationList;
			buildConfigurations = (
				8A5417A31ECC409000580D86 /* Debug */,
				8A5417A41ECC409000580D86 /* Release */,
			);
			defaultConfigurationIsVisible = 0;
			defaultConfigurationName = Release;
		};
		8A5417A51ECC409000580D86 /* Build configuration list for PBXNativeTarget "radio_vietnam" */ = {
			isa = XCConfigurationList;
			buildConfigurations = (
				8A5417A61ECC409000580D86 /* Debug */,
				8A5417A71ECC409000580D86 /* Release */,
			);
			defaultConfigurationIsVisible = 0;
		};
		8A5417A81ECC409000580D86 /* Build configuration list for PBXNativeTarget "radio_vietnamTests" */ = {
			isa = XCConfigurationList;
			buildConfigurations = (
				8A5417A91ECC409000580D86 /* Debug */,
				8A5417AA1ECC409000580D86 /* Release */,
			);
			defaultConfigurationIsVisible = 0;
		};
		8A5417AB1ECC409000580D86 /* Build configuration list for PBXNativeTarget "radio_vietnamUITests" */ = {
			isa = XCConfigurationList;
			buildConfigurations = (
				8A5417AC1ECC409000580D86 /* Debug */,
				8A5417AD1ECC409000580D86 /* Release */,
			);
			defaultConfigurationIsVisible = 0;
		};
/* End XCConfigurationList section */
	};
	rootObject = 8A5417751ECC409000580D86 /* Project object */;
}
